
Microsoft Visual Studio Solution File, Format Version 12.00
# Visual Studio Version 17
VisualStudioVersion = 17.9.34723.18
MinimumVisualStudioVersion = 10.0.40219.1
Project("{2150E333-8FDC-42A3-9474-1A3956D46DE8}") = "API", "API", "{470F9D0B-D67D-4DF6-BDD5-0BFB41265AA3}"
EndProject
Project("{2150E333-8FDC-42A3-9474-1A3956D46DE8}") = "Application", "Application", "{D130DB71-B837-43D4-BBF2-66853597E620}"
EndProject
Project("{2150E333-8FDC-42A3-9474-1A3956D46DE8}") = "Domain", "Domain", "{8AC97620-13AA-42DC-B3BD-9B50F55EDE70}"
EndProject
Project("{2150E333-8FDC-42A3-9474-1A3956D46DE8}") = "Persistence", "Persistence", "{BCD6DBDA-9A39-46D6-9C77-13A73D3DAFDB}"
EndProject
Project("{FAE04EC0-301F-11D3-BF4B-00C04F79EFBC}") = "LibraryAPI", "API\LibraryAPI\LibraryAPI.csproj", "{9E2E0D4B-B78E-4D19-9DD1-7724A89C1BB9}"
EndProject
Project("{FAE04EC0-301F-11D3-BF4B-00C04F79EFBC}") = "Domain", "Domain\Domain.csproj", "{A5E47CAC-F126-440E-88C9-21F8E0C52F5B}"
EndProject
Project("{FAE04EC0-301F-11D3-BF4B-00C04F79EFBC}") = "Persistence", "Persistence\Persistence.csproj", "{7567A97A-FF3E-4088-9D8A-CE0709ED0D18}"
EndProject
Project("{FAE04EC0-301F-11D3-BF4B-00C04F79EFBC}") = "Application", "Application\Application.csproj", "{53077860-A2E4-4E1D-AF17-19CDE1407B08}"
EndProject
Project("{2150E333-8FDC-42A3-9474-1A3956D46DE8}") = "DTOs", "DTOs", "{6DF958BD-5BD6-4CBA-A2DC-1FCB968D7170}"
	ProjectSection(SolutionItems) = preProject
		BookModel.cs = BookModel.cs
		CategoryModel.cs = CategoryModel.cs
		LoanModel.cs = LoanModel.cs
	EndProjectSection
EndProject
Global
	GlobalSection(SolutionConfigurationPlatforms) = preSolution
		Debug|Any CPU = Debug|Any CPU
		Release|Any CPU = Release|Any CPU
	EndGlobalSection
	GlobalSection(ProjectConfigurationPlatforms) = postSolution
		{9E2E0D4B-B78E-4D19-9DD1-7724A89C1BB9}.Debug|Any CPU.ActiveCfg = Debug|Any CPU
		{9E2E0D4B-B78E-4D19-9DD1-7724A89C1BB9}.Debug|Any CPU.Build.0 = Debug|Any CPU
		{9E2E0D4B-B78E-4D19-9DD1-7724A89C1BB9}.Release|Any CPU.ActiveCfg = Release|Any CPU
		{9E2E0D4B-B78E-4D19-9DD1-7724A89C1BB9}.Release|Any CPU.Build.0 = Release|Any CPU
		{A5E47CAC-F126-440E-88C9-21F8E0C52F5B}.Debug|Any CPU.ActiveCfg = Debug|Any CPU
		{A5E47CAC-F126-440E-88C9-21F8E0C52F5B}.Debug|Any CPU.Build.0 = Debug|Any CPU
		{A5E47CAC-F126-440E-88C9-21F8E0C52F5B}.Release|Any CPU.ActiveCfg = Release|Any CPU
		{A5E47CAC-F126-440E-88C9-21F8E0C52F5B}.Release|Any CPU.Build.0 = Release|Any CPU
		{7567A97A-FF3E-4088-9D8A-CE0709ED0D18}.Debug|Any CPU.ActiveCfg = Debug|Any CPU
		{7567A97A-FF3E-4088-9D8A-CE0709ED0D18}.Debug|Any CPU.Build.0 = Debug|Any CPU
		{7567A97A-FF3E-4088-9D8A-CE0709ED0D18}.Release|Any CPU.ActiveCfg = Release|Any CPU
		{7567A97A-FF3E-4088-9D8A-CE0709ED0D18}.Release|Any CPU.Build.0 = Release|Any CPU
		{53077860-A2E4-4E1D-AF17-19CDE1407B08}.Debug|Any CPU.ActiveCfg = Debug|Any CPU
		{53077860-A2E4-4E1D-AF17-19CDE1407B08}.Debug|Any CPU.Build.0 = Debug|Any CPU
		{53077860-A2E4-4E1D-AF17-19CDE1407B08}.Release|Any CPU.ActiveCfg = Release|Any CPU
		{53077860-A2E4-4E1D-AF17-19CDE1407B08}.Release|Any CPU.Build.0 = Release|Any CPU
	EndGlobalSection
	GlobalSection(SolutionProperties) = preSolution
		HideSolutionNode = FALSE
	EndGlobalSection
	GlobalSection(NestedProjects) = preSolution
		{9E2E0D4B-B78E-4D19-9DD1-7724A89C1BB9} = {470F9D0B-D67D-4DF6-BDD5-0BFB41265AA3}
		{A5E47CAC-F126-440E-88C9-21F8E0C52F5B} = {8AC97620-13AA-42DC-B3BD-9B50F55EDE70}
		{7567A97A-FF3E-4088-9D8A-CE0709ED0D18} = {BCD6DBDA-9A39-46D6-9C77-13A73D3DAFDB}
		{53077860-A2E4-4E1D-AF17-19CDE1407B08} = {D130DB71-B837-43D4-BBF2-66853597E620}
		{6DF958BD-5BD6-4CBA-A2DC-1FCB968D7170} = {D130DB71-B837-43D4-BBF2-66853597E620}
	EndGlobalSection
	GlobalSection(ExtensibilityGlobals) = postSolution
		SolutionGuid = {C144D1BE-C16F-41BF-BD76-B6693B6465EB}
	EndGlobalSection
EndGlobal
